
Microsoft Visual Studio Solution File, Format Version 12.00
# Visual Studio Version 17
VisualStudioVersion = 17.7.34202.233
MinimumVisualStudioVersion = 10.0.40219.1
Project("{FAE04EC0-301F-11D3-BF4B-00C04F79EFBC}") = "TestConsole", "TestConsole\TestConsole.csproj", "{897D3408-5E3E-4AFF-BBA3-E816B5FDC761}"
EndProject
Global
	GlobalSection(SolutionConfigurationPlatforms) = preSolution
		Debug|Any CPU = Debug|Any CPU
		Release|Any CPU = Release|Any CPU
	EndGlobalSection
	GlobalSection(ProjectConfigurationPlatforms) = postSolution
		{897D3408-5E3E-4AFF-BBA3-E816B5FDC761}.Debug|Any CPU.ActiveCfg = Debug|Any CPU
		{897D3408-5E3E-4AFF-BBA3-E816B5FDC761}.Debug|Any CPU.Build.0 = Debug|Any CPU
		{897D3408-5E3E-4AFF-BBA3-E816B5FDC761}.Release|Any CPU.ActiveCfg = Release|Any CPU
		{897D3408-5E3E-4AFF-BBA3-E816B5FDC761}.Release|Any CPU.Build.0 = Release|Any CPU
	EndGlobalSection
	GlobalSection(SolutionProperties) = preSolution
		HideSolutionNode = FALSE
	EndGlobalSection
	GlobalSection(ExtensibilityGlobals) = postSolution
		SolutionGuid = {5BE6C889-2033-4A9B-AE78-541858D04DD9}
	EndGlobalSection
EndGlobal
